// !$*UTF8*$!
{
	archiveVersion = 1;
	classes = {
	};
	objectVersion = 55;
	objects = {

/* Begin PBXBuildFile section */
		0816A303289F8E420062BFD5 /* FavoriteItemCollectionViewCell.swift in Sources */ = {isa = PBXBuildFile; fileRef = 0816A301289F8E420062BFD5 /* FavoriteItemCollectionViewCell.swift */; };
		0816A304289F8E420062BFD5 /* FavoriteItemCollectionViewCell.xib in Resources */ = {isa = PBXBuildFile; fileRef = 0816A302289F8E420062BFD5 /* FavoriteItemCollectionViewCell.xib */; };
		0823628A28A3C1AD00ADE080 /* NetworkTask.swift in Sources */ = {isa = PBXBuildFile; fileRef = 0823628928A3C1AD00ADE080 /* NetworkTask.swift */; };
		0823628C28A3C1CC00ADE080 /* NetworkMethod.swift in Sources */ = {isa = PBXBuildFile; fileRef = 0823628B28A3C1CC00ADE080 /* NetworkMethod.swift */; };
		0823628E28A3C1E900ADE080 /* BaseNetworkTask.swift in Sources */ = {isa = PBXBuildFile; fileRef = 0823628D28A3C1E900ADE080 /* BaseNetworkTask.swift */; };
		0823629028A3C2FB00ADE080 /* EmptyModel.swift in Sources */ = {isa = PBXBuildFile; fileRef = 0823628F28A3C2FB00ADE080 /* EmptyModel.swift */; };
		0823629328A3C32E00ADE080 /* AuthService.swift in Sources */ = {isa = PBXBuildFile; fileRef = 0823629228A3C32E00ADE080 /* AuthService.swift */; };
		0823629528A3C34400ADE080 /* AuthResponseModel.swift in Sources */ = {isa = PBXBuildFile; fileRef = 0823629428A3C34400ADE080 /* AuthResponseModel.swift */; };
		0823629728A3C36300ADE080 /* AuthRequestModel.swift in Sources */ = {isa = PBXBuildFile; fileRef = 0823629628A3C36300ADE080 /* AuthRequestModel.swift */; };
		0823629B28A3C42800ADE080 /* PictureResponseModel.swift in Sources */ = {isa = PBXBuildFile; fileRef = 0823629A28A3C42800ADE080 /* PictureResponseModel.swift */; };
		0823629D28A3C43B00ADE080 /* PictureService.swift in Sources */ = {isa = PBXBuildFile; fileRef = 0823629C28A3C43B00ADE080 /* PictureService.swift */; };
		082362A028A3C46300ADE080 /* ImageLoader.swift in Sources */ = {isa = PBXBuildFile; fileRef = 0823629F28A3C46300ADE080 /* ImageLoader.swift */; };
		082362A228A3C48800ADE080 /* UIImageView+ImageLoader.swift in Sources */ = {isa = PBXBuildFile; fileRef = 082362A128A3C48800ADE080 /* UIImageView+ImageLoader.swift */; };
		082362A528A3C4BB00ADE080 /* TokenStorage.swift in Sources */ = {isa = PBXBuildFile; fileRef = 082362A428A3C4BB00ADE080 /* TokenStorage.swift */; };
		082362A728A3C4F700ADE080 /* TokenContainer.swift in Sources */ = {isa = PBXBuildFile; fileRef = 082362A628A3C4F700ADE080 /* TokenContainer.swift */; };
		082362A928A3C51100ADE080 /* BaseTokenStorage.swift in Sources */ = {isa = PBXBuildFile; fileRef = 082362A828A3C51100ADE080 /* BaseTokenStorage.swift */; };
		082362AE28A3C58300ADE080 /* MainModel.swift in Sources */ = {isa = PBXBuildFile; fileRef = 082362AD28A3C58300ADE080 /* MainModel.swift */; };
		082362B128A3C5BE00ADE080 /* DetailItemModel.swift in Sources */ = {isa = PBXBuildFile; fileRef = 082362B028A3C5BE00ADE080 /* DetailItemModel.swift */; };
		08494705289E64F20083E424 /* DetailTitleTableViewCell.swift in Sources */ = {isa = PBXBuildFile; fileRef = 08494703289E64F20083E424 /* DetailTitleTableViewCell.swift */; };
		08494706289E64F20083E424 /* DetailTitleTableViewCell.xib in Resources */ = {isa = PBXBuildFile; fileRef = 08494704289E64F20083E424 /* DetailTitleTableViewCell.xib */; };
		0849470B289E66E40083E424 /* DetailTextTableViewCell.swift in Sources */ = {isa = PBXBuildFile; fileRef = 08494709289E66E40083E424 /* DetailTextTableViewCell.swift */; };
		0849470C289E66E40083E424 /* DetailTextTableViewCell.xib in Resources */ = {isa = PBXBuildFile; fileRef = 0849470A289E66E40083E424 /* DetailTextTableViewCell.xib */; };
		085AD164289CD47200076424 /* SearchViewController.swift in Sources */ = {isa = PBXBuildFile; fileRef = 085AD162289CD47200076424 /* SearchViewController.swift */; };
		085AD165289CD47200076424 /* SearchViewController.xib in Resources */ = {isa = PBXBuildFile; fileRef = 085AD163289CD47200076424 /* SearchViewController.xib */; };
		085AD169289D0EAA00076424 /* DetailViewController.swift in Sources */ = {isa = PBXBuildFile; fileRef = 085AD167289D0EAA00076424 /* DetailViewController.swift */; };
		085AD16A289D0EAA00076424 /* DetailViewController.xib in Resources */ = {isa = PBXBuildFile; fileRef = 085AD168289D0EAA00076424 /* DetailViewController.xib */; };
		085AD16D289D1BB400076424 /* DetailImageTableViewCell.swift in Sources */ = {isa = PBXBuildFile; fileRef = 085AD16B289D1BB400076424 /* DetailImageTableViewCell.swift */; };
		085AD16E289D1BB400076424 /* DetailImageTableViewCell.xib in Resources */ = {isa = PBXBuildFile; fileRef = 085AD16C289D1BB400076424 /* DetailImageTableViewCell.xib */; };
		089F48B628A51054005D8DFB /* LoadingErrorView.swift in Sources */ = {isa = PBXBuildFile; fileRef = 089F48B528A51054005D8DFB /* LoadingErrorView.swift */; };
		08BEA947289A5C4400919918 /* AppDelegate.swift in Sources */ = {isa = PBXBuildFile; fileRef = 08BEA946289A5C4400919918 /* AppDelegate.swift */; };
		08BEA953289A5C4600919918 /* LaunchScreen.storyboard in Resources */ = {isa = PBXBuildFile; fileRef = 08BEA951289A5C4600919918 /* LaunchScreen.storyboard */; };
		08BEA95B289A5FA000919918 /* Assets.xcassets in Resources */ = {isa = PBXBuildFile; fileRef = 08BEA95A289A5FA000919918 /* Assets.xcassets */; };
		08BEA965289A916600919918 /* TabBarModule.swift in Sources */ = {isa = PBXBuildFile; fileRef = 08BEA964289A916500919918 /* TabBarModule.swift */; };
		08BEA967289A917700919918 /* TabBarConfigurator.swift in Sources */ = {isa = PBXBuildFile; fileRef = 08BEA966289A917700919918 /* TabBarConfigurator.swift */; };
		08BEA96C289A94B000919918 /* FavoriteViewController.swift in Sources */ = {isa = PBXBuildFile; fileRef = 08BEA96A289A94B000919918 /* FavoriteViewController.swift */; };
		08BEA96D289A94B000919918 /* FavoriteViewController.xib in Resources */ = {isa = PBXBuildFile; fileRef = 08BEA96B289A94B000919918 /* FavoriteViewController.xib */; };
		08BEA970289A94C400919918 /* ProfileViewController.swift in Sources */ = {isa = PBXBuildFile; fileRef = 08BEA96E289A94C400919918 /* ProfileViewController.swift */; };
		08BEA971289A94C400919918 /* ProfileViewController.xib in Resources */ = {isa = PBXBuildFile; fileRef = 08BEA96F289A94C400919918 /* ProfileViewController.xib */; };
		08BEA975289A950A00919918 /* MainViewController.swift in Sources */ = {isa = PBXBuildFile; fileRef = 08BEA973289A950A00919918 /* MainViewController.swift */; };
		08BEA976289A950A00919918 /* MainViewController.xib in Resources */ = {isa = PBXBuildFile; fileRef = 08BEA974289A950A00919918 /* MainViewController.xib */; };
		08C3E2D4289C1275001B1A25 /* MainItemCollectionViewCell.swift in Sources */ = {isa = PBXBuildFile; fileRef = 08C3E2D2289C1275001B1A25 /* MainItemCollectionViewCell.swift */; };
		08C3E2D6289C20F6001B1A25 /* MainItemCollectionViewCell.xib in Resources */ = {isa = PBXBuildFile; fileRef = 08C3E2D3289C1275001B1A25 /* MainItemCollectionViewCell.xib */; };
/* End PBXBuildFile section */

/* Begin PBXFileReference section */
		0816A301289F8E420062BFD5 /* FavoriteItemCollectionViewCell.swift */ = {isa = PBXFileReference; lastKnownFileType = sourcecode.swift; path = FavoriteItemCollectionViewCell.swift; sourceTree = "<group>"; };
		0816A302289F8E420062BFD5 /* FavoriteItemCollectionViewCell.xib */ = {isa = PBXFileReference; lastKnownFileType = file.xib; path = FavoriteItemCollectionViewCell.xib; sourceTree = "<group>"; };
		0823628928A3C1AD00ADE080 /* NetworkTask.swift */ = {isa = PBXFileReference; lastKnownFileType = sourcecode.swift; path = NetworkTask.swift; sourceTree = "<group>"; };
		0823628B28A3C1CC00ADE080 /* NetworkMethod.swift */ = {isa = PBXFileReference; lastKnownFileType = sourcecode.swift; path = NetworkMethod.swift; sourceTree = "<group>"; };
		0823628D28A3C1E900ADE080 /* BaseNetworkTask.swift */ = {isa = PBXFileReference; lastKnownFileType = sourcecode.swift; path = BaseNetworkTask.swift; sourceTree = "<group>"; };
		0823628F28A3C2FB00ADE080 /* EmptyModel.swift */ = {isa = PBXFileReference; lastKnownFileType = sourcecode.swift; path = EmptyModel.swift; sourceTree = "<group>"; };
		0823629228A3C32E00ADE080 /* AuthService.swift */ = {isa = PBXFileReference; lastKnownFileType = sourcecode.swift; path = AuthService.swift; sourceTree = "<group>"; };
		0823629428A3C34400ADE080 /* AuthResponseModel.swift */ = {isa = PBXFileReference; lastKnownFileType = sourcecode.swift; path = AuthResponseModel.swift; sourceTree = "<group>"; };
		0823629628A3C36300ADE080 /* AuthRequestModel.swift */ = {isa = PBXFileReference; lastKnownFileType = sourcecode.swift; path = AuthRequestModel.swift; sourceTree = "<group>"; };
		0823629A28A3C42800ADE080 /* PictureResponseModel.swift */ = {isa = PBXFileReference; lastKnownFileType = sourcecode.swift; path = PictureResponseModel.swift; sourceTree = "<group>"; };
		0823629C28A3C43B00ADE080 /* PictureService.swift */ = {isa = PBXFileReference; lastKnownFileType = sourcecode.swift; path = PictureService.swift; sourceTree = "<group>"; };
		0823629F28A3C46300ADE080 /* ImageLoader.swift */ = {isa = PBXFileReference; lastKnownFileType = sourcecode.swift; path = ImageLoader.swift; sourceTree = "<group>"; };
		082362A128A3C48800ADE080 /* UIImageView+ImageLoader.swift */ = {isa = PBXFileReference; lastKnownFileType = sourcecode.swift; path = "UIImageView+ImageLoader.swift"; sourceTree = "<group>"; };
		082362A428A3C4BB00ADE080 /* TokenStorage.swift */ = {isa = PBXFileReference; lastKnownFileType = sourcecode.swift; path = TokenStorage.swift; sourceTree = "<group>"; };
		082362A628A3C4F700ADE080 /* TokenContainer.swift */ = {isa = PBXFileReference; lastKnownFileType = sourcecode.swift; path = TokenContainer.swift; sourceTree = "<group>"; };
		082362A828A3C51100ADE080 /* BaseTokenStorage.swift */ = {isa = PBXFileReference; lastKnownFileType = sourcecode.swift; path = BaseTokenStorage.swift; sourceTree = "<group>"; };
		082362AD28A3C58300ADE080 /* MainModel.swift */ = {isa = PBXFileReference; lastKnownFileType = sourcecode.swift; path = MainModel.swift; sourceTree = "<group>"; };
		082362B028A3C5BE00ADE080 /* DetailItemModel.swift */ = {isa = PBXFileReference; lastKnownFileType = sourcecode.swift; path = DetailItemModel.swift; sourceTree = "<group>"; };
		08494703289E64F20083E424 /* DetailTitleTableViewCell.swift */ = {isa = PBXFileReference; lastKnownFileType = sourcecode.swift; path = DetailTitleTableViewCell.swift; sourceTree = "<group>"; };
		08494704289E64F20083E424 /* DetailTitleTableViewCell.xib */ = {isa = PBXFileReference; lastKnownFileType = file.xib; path = DetailTitleTableViewCell.xib; sourceTree = "<group>"; };
		08494709289E66E40083E424 /* DetailTextTableViewCell.swift */ = {isa = PBXFileReference; lastKnownFileType = sourcecode.swift; path = DetailTextTableViewCell.swift; sourceTree = "<group>"; };
		0849470A289E66E40083E424 /* DetailTextTableViewCell.xib */ = {isa = PBXFileReference; lastKnownFileType = file.xib; path = DetailTextTableViewCell.xib; sourceTree = "<group>"; };
		085AD162289CD47200076424 /* SearchViewController.swift */ = {isa = PBXFileReference; lastKnownFileType = sourcecode.swift; path = SearchViewController.swift; sourceTree = "<group>"; };
		085AD163289CD47200076424 /* SearchViewController.xib */ = {isa = PBXFileReference; lastKnownFileType = file.xib; path = SearchViewController.xib; sourceTree = "<group>"; };
		085AD167289D0EAA00076424 /* DetailViewController.swift */ = {isa = PBXFileReference; lastKnownFileType = sourcecode.swift; path = DetailViewController.swift; sourceTree = "<group>"; };
		085AD168289D0EAA00076424 /* DetailViewController.xib */ = {isa = PBXFileReference; lastKnownFileType = file.xib; path = DetailViewController.xib; sourceTree = "<group>"; };
		085AD16B289D1BB400076424 /* DetailImageTableViewCell.swift */ = {isa = PBXFileReference; lastKnownFileType = sourcecode.swift; path = DetailImageTableViewCell.swift; sourceTree = "<group>"; };
		085AD16C289D1BB400076424 /* DetailImageTableViewCell.xib */ = {isa = PBXFileReference; lastKnownFileType = file.xib; path = DetailImageTableViewCell.xib; sourceTree = "<group>"; };
		089F48B528A51054005D8DFB /* LoadingErrorView.swift */ = {isa = PBXFileReference; lastKnownFileType = sourcecode.swift; path = LoadingErrorView.swift; sourceTree = "<group>"; };
		08BEA943289A5C4400919918 /* SurfSummerSchoolProject.app */ = {isa = PBXFileReference; explicitFileType = wrapper.application; includeInIndex = 0; path = SurfSummerSchoolProject.app; sourceTree = BUILT_PRODUCTS_DIR; };
		08BEA946289A5C4400919918 /* AppDelegate.swift */ = {isa = PBXFileReference; lastKnownFileType = sourcecode.swift; path = AppDelegate.swift; sourceTree = "<group>"; };
		08BEA952289A5C4600919918 /* Base */ = {isa = PBXFileReference; lastKnownFileType = file.storyboard; name = Base; path = Base.lproj/LaunchScreen.storyboard; sourceTree = "<group>"; };
		08BEA954289A5C4600919918 /* Info.plist */ = {isa = PBXFileReference; lastKnownFileType = text.plist.xml; path = Info.plist; sourceTree = "<group>"; };
		08BEA95A289A5FA000919918 /* Assets.xcassets */ = {isa = PBXFileReference; lastKnownFileType = folder.assetcatalog; path = Assets.xcassets; sourceTree = "<group>"; };
		08BEA964289A916500919918 /* TabBarModule.swift */ = {isa = PBXFileReference; lastKnownFileType = sourcecode.swift; path = TabBarModule.swift; sourceTree = "<group>"; };
		08BEA966289A917700919918 /* TabBarConfigurator.swift */ = {isa = PBXFileReference; lastKnownFileType = sourcecode.swift; path = TabBarConfigurator.swift; sourceTree = "<group>"; };
		08BEA96A289A94B000919918 /* FavoriteViewController.swift */ = {isa = PBXFileReference; lastKnownFileType = sourcecode.swift; path = FavoriteViewController.swift; sourceTree = "<group>"; };
		08BEA96B289A94B000919918 /* FavoriteViewController.xib */ = {isa = PBXFileReference; lastKnownFileType = file.xib; path = FavoriteViewController.xib; sourceTree = "<group>"; };
		08BEA96E289A94C400919918 /* ProfileViewController.swift */ = {isa = PBXFileReference; lastKnownFileType = sourcecode.swift; path = ProfileViewController.swift; sourceTree = "<group>"; };
		08BEA96F289A94C400919918 /* ProfileViewController.xib */ = {isa = PBXFileReference; lastKnownFileType = file.xib; path = ProfileViewController.xib; sourceTree = "<group>"; };
		08BEA973289A950A00919918 /* MainViewController.swift */ = {isa = PBXFileReference; lastKnownFileType = sourcecode.swift; path = MainViewController.swift; sourceTree = "<group>"; };
		08BEA974289A950A00919918 /* MainViewController.xib */ = {isa = PBXFileReference; lastKnownFileType = file.xib; path = MainViewController.xib; sourceTree = "<group>"; };
		08C3E2D2289C1275001B1A25 /* MainItemCollectionViewCell.swift */ = {isa = PBXFileReference; lastKnownFileType = sourcecode.swift; path = MainItemCollectionViewCell.swift; sourceTree = "<group>"; };
		08C3E2D3289C1275001B1A25 /* MainItemCollectionViewCell.xib */ = {isa = PBXFileReference; lastKnownFileType = file.xib; path = MainItemCollectionViewCell.xib; sourceTree = "<group>"; };
/* End PBXFileReference section */

/* Begin PBXFrameworksBuildPhase section */
		08BEA940289A5C4400919918 /* Frameworks */ = {
			isa = PBXFrameworksBuildPhase;
			buildActionMask = 2147483647;
			files = (
			);
			runOnlyForDeploymentPostprocessing = 0;
		};
/* End PBXFrameworksBuildPhase section */

/* Begin PBXGroup section */
		0816A300289F8E190062BFD5 /* Cells */ = {
			isa = PBXGroup;
			children = (
				0816A301289F8E420062BFD5 /* FavoriteItemCollectionViewCell.swift */,
				0816A302289F8E420062BFD5 /* FavoriteItemCollectionViewCell.xib */,
			);
			path = Cells;
			sourceTree = "<group>";
		};
		0816A30B28A102E90062BFD5 /* Networking */ = {
			isa = PBXGroup;
			children = (
				0823629E28A3C45400ADE080 /* ImageLoader */,
				0823629928A3C3F100ADE080 /* PictureService */,
				0823629128A3C31D00ADE080 /* AuthService */,
				0823628828A3C12600ADE080 /* Core */,
			);
			path = Networking;
			sourceTree = "<group>";
		};
		0823628828A3C12600ADE080 /* Core */ = {
			isa = PBXGroup;
			children = (
				0823628928A3C1AD00ADE080 /* NetworkTask.swift */,
				0823628B28A3C1CC00ADE080 /* NetworkMethod.swift */,
				0823628D28A3C1E900ADE080 /* BaseNetworkTask.swift */,
				0823628F28A3C2FB00ADE080 /* EmptyModel.swift */,
			);
			path = Core;
			sourceTree = "<group>";
		};
		0823629128A3C31D00ADE080 /* AuthService */ = {
			isa = PBXGroup;
			children = (
				0823629228A3C32E00ADE080 /* AuthService.swift */,
				0823629628A3C36300ADE080 /* AuthRequestModel.swift */,
				0823629428A3C34400ADE080 /* AuthResponseModel.swift */,
			);
			path = AuthService;
			sourceTree = "<group>";
		};
		0823629928A3C3F100ADE080 /* PictureService */ = {
			isa = PBXGroup;
			children = (
				0823629A28A3C42800ADE080 /* PictureResponseModel.swift */,
				0823629C28A3C43B00ADE080 /* PictureService.swift */,
			);
			path = PictureService;
			sourceTree = "<group>";
		};
		0823629E28A3C45400ADE080 /* ImageLoader */ = {
			isa = PBXGroup;
			children = (
				0823629F28A3C46300ADE080 /* ImageLoader.swift */,
				082362A128A3C48800ADE080 /* UIImageView+ImageLoader.swift */,
			);
			path = ImageLoader;
			sourceTree = "<group>";
		};
		082362A328A3C4AD00ADE080 /* Storage */ = {
			isa = PBXGroup;
			children = (
				082362A428A3C4BB00ADE080 /* TokenStorage.swift */,
				082362A628A3C4F700ADE080 /* TokenContainer.swift */,
				082362A828A3C51100ADE080 /* BaseTokenStorage.swift */,
			);
			path = Storage;
			sourceTree = "<group>";
		};
		082362AC28A3C57800ADE080 /* Model */ = {
			isa = PBXGroup;
			children = (
				082362AF28A3C5AA00ADE080 /* DTO */,
				082362AD28A3C58300ADE080 /* MainModel.swift */,
			);
			path = Model;
			sourceTree = "<group>";
		};
		082362AF28A3C5AA00ADE080 /* DTO */ = {
			isa = PBXGroup;
			children = (
				082362B028A3C5BE00ADE080 /* DetailItemModel.swift */,
			);
			path = DTO;
			sourceTree = "<group>";
		};
		082362B228A3C99E00ADE080 /* Services */ = {
			isa = PBXGroup;
			children = (
				0816A30B28A102E90062BFD5 /* Networking */,
				082362A328A3C4AD00ADE080 /* Storage */,
			);
			path = Services;
			sourceTree = "<group>";
		};
		08494701289E64070083E424 /* ImageCell */ = {
			isa = PBXGroup;
			children = (
				085AD16B289D1BB400076424 /* DetailImageTableViewCell.swift */,
				085AD16C289D1BB400076424 /* DetailImageTableViewCell.xib */,
			);
			path = ImageCell;
			sourceTree = "<group>";
		};
		08494702289E64D00083E424 /* TitleCell */ = {
			isa = PBXGroup;
			children = (
				08494703289E64F20083E424 /* DetailTitleTableViewCell.swift */,
				08494704289E64F20083E424 /* DetailTitleTableViewCell.xib */,
			);
			path = TitleCell;
			sourceTree = "<group>";
		};
		08494707289E66AC0083E424 /* TextCell */ = {
			isa = PBXGroup;
			children = (
				08494709289E66E40083E424 /* DetailTextTableViewCell.swift */,
				0849470A289E66E40083E424 /* DetailTextTableViewCell.xib */,
			);
			path = TextCell;
			sourceTree = "<group>";
		};
		085AD161289CD45900076424 /* SearchModule */ = {
			isa = PBXGroup;
			children = (
				089F48B028A4E716005D8DFB /* View */,
			);
			path = SearchModule;
			sourceTree = "<group>";
		};
		085AD166289D0E9500076424 /* DetailModule */ = {
			isa = PBXGroup;
			children = (
				089F48AF28A4E6FF005D8DFB /* View */,
				085AD16F289D1BBF00076424 /* Cells */,
			);
			path = DetailModule;
			sourceTree = "<group>";
		};
		085AD16F289D1BBF00076424 /* Cells */ = {
			isa = PBXGroup;
			children = (
				08494707289E66AC0083E424 /* TextCell */,
				08494702289E64D00083E424 /* TitleCell */,
				08494701289E64070083E424 /* ImageCell */,
			);
			path = Cells;
			sourceTree = "<group>";
		};
		089F48AC28A4E6CA005D8DFB /* View */ = {
			isa = PBXGroup;
			children = (
				08BEA973289A950A00919918 /* MainViewController.swift */,
				08BEA974289A950A00919918 /* MainViewController.xib */,
				089F48B528A51054005D8DFB /* LoadingErrorView.swift */,
			);
			path = View;
			sourceTree = "<group>";
		};
		089F48AD28A4E6D7005D8DFB /* View */ = {
			isa = PBXGroup;
			children = (
				08BEA96A289A94B000919918 /* FavoriteViewController.swift */,
				08BEA96B289A94B000919918 /* FavoriteViewController.xib */,
			);
			path = View;
			sourceTree = "<group>";
		};
		089F48AE28A4E6E9005D8DFB /* View */ = {
			isa = PBXGroup;
			children = (
				08BEA96E289A94C400919918 /* ProfileViewController.swift */,
				08BEA96F289A94C400919918 /* ProfileViewController.xib */,
			);
			path = View;
			sourceTree = "<group>";
		};
		089F48AF28A4E6FF005D8DFB /* View */ = {
			isa = PBXGroup;
			children = (
				085AD167289D0EAA00076424 /* DetailViewController.swift */,
				085AD168289D0EAA00076424 /* DetailViewController.xib */,
			);
			path = View;
			sourceTree = "<group>";
		};
		089F48B028A4E716005D8DFB /* View */ = {
			isa = PBXGroup;
			children = (
				085AD162289CD47200076424 /* SearchViewController.swift */,
				085AD163289CD47200076424 /* SearchViewController.xib */,
			);
			path = View;
			sourceTree = "<group>";
		};
		08BEA93A289A5C4400919918 = {
			isa = PBXGroup;
			children = (
				08BEA945289A5C4400919918 /* SurfSummerSchoolProject */,
				08BEA944289A5C4400919918 /* Products */,
			);
			sourceTree = "<group>";
		};
		08BEA944289A5C4400919918 /* Products */ = {
			isa = PBXGroup;
			children = (
				08BEA943289A5C4400919918 /* SurfSummerSchoolProject.app */,
			);
			name = Products;
			sourceTree = "<group>";
		};
		08BEA945289A5C4400919918 /* SurfSummerSchoolProject */ = {
			isa = PBXGroup;
			children = (
				082362B228A3C99E00ADE080 /* Services */,
				08BEA946289A5C4400919918 /* AppDelegate.swift */,
				08BEA963289A8F9400919918 /* Application */,
				08BEA95E289A8F5E00919918 /* Main Flow */,
			);
			path = SurfSummerSchoolProject;
			sourceTree = "<group>";
		};
		08BEA95E289A8F5E00919918 /* Main Flow */ = {
			isa = PBXGroup;
			children = (
				085AD166289D0E9500076424 /* DetailModule */,
				085AD161289CD45900076424 /* SearchModule */,
				08BEA962289A8F8700919918 /* MainModule */,
				08BEA961289A8F7E00919918 /* ProfileModule */,
				08BEA960289A8F7100919918 /* FavoriteModule */,
				08BEA95F289A8F6700919918 /* TabBar */,
			);
			path = "Main Flow";
			sourceTree = "<group>";
		};
		08BEA95F289A8F6700919918 /* TabBar */ = {
			isa = PBXGroup;
			children = (
				08BEA964289A916500919918 /* TabBarModule.swift */,
				08BEA966289A917700919918 /* TabBarConfigurator.swift */,
			);
			path = TabBar;
			sourceTree = "<group>";
		};
		08BEA960289A8F7100919918 /* FavoriteModule */ = {
			isa = PBXGroup;
			children = (
				089F48AD28A4E6D7005D8DFB /* View */,
				0816A300289F8E190062BFD5 /* Cells */,
			);
			path = FavoriteModule;
			sourceTree = "<group>";
		};
		08BEA961289A8F7E00919918 /* ProfileModule */ = {
			isa = PBXGroup;
			children = (
				089F48AE28A4E6E9005D8DFB /* View */,
			);
			path = ProfileModule;
			sourceTree = "<group>";
		};
		08BEA962289A8F8700919918 /* MainModule */ = {
			isa = PBXGroup;
			children = (
				089F48AC28A4E6CA005D8DFB /* View */,
				082362AC28A3C57800ADE080 /* Model */,
				08C3E2D1289C1259001B1A25 /* Cells */,
			);
			path = MainModule;
			sourceTree = "<group>";
		};
		08BEA963289A8F9400919918 /* Application */ = {
			isa = PBXGroup;
			children = (
				08BEA951289A5C4600919918 /* LaunchScreen.storyboard */,
				08BEA954289A5C4600919918 /* Info.plist */,
				08BEA95A289A5FA000919918 /* Assets.xcassets */,
			);
			path = Application;
			sourceTree = "<group>";
		};
		08C3E2D1289C1259001B1A25 /* Cells */ = {
			isa = PBXGroup;
			children = (
				08C3E2D2289C1275001B1A25 /* MainItemCollectionViewCell.swift */,
				08C3E2D3289C1275001B1A25 /* MainItemCollectionViewCell.xib */,
			);
			path = Cells;
			sourceTree = "<group>";
		};
/* End PBXGroup section */

/* Begin PBXNativeTarget section */
		08BEA942289A5C4400919918 /* SurfSummerSchoolProject */ = {
			isa = PBXNativeTarget;
			buildConfigurationList = 08BEA957289A5C4600919918 /* Build configuration list for PBXNativeTarget "SurfSummerSchoolProject" */;
			buildPhases = (
				08BEA93F289A5C4400919918 /* Sources */,
				08BEA940289A5C4400919918 /* Frameworks */,
				08BEA941289A5C4400919918 /* Resources */,
			);
			buildRules = (
			);
			dependencies = (
			);
			name = SurfSummerSchoolProject;
			productName = SurfSummerSchoolProject;
			productReference = 08BEA943289A5C4400919918 /* SurfSummerSchoolProject.app */;
			productType = "com.apple.product-type.application";
		};
/* End PBXNativeTarget section */

/* Begin PBXProject section */
		08BEA93B289A5C4400919918 /* Project object */ = {
			isa = PBXProject;
			attributes = {
				BuildIndependentTargetsInParallel = 1;
				LastSwiftUpdateCheck = 1340;
				LastUpgradeCheck = 1340;
				TargetAttributes = {
					08BEA942289A5C4400919918 = {
						CreatedOnToolsVersion = 13.4.1;
					};
				};
			};
			buildConfigurationList = 08BEA93E289A5C4400919918 /* Build configuration list for PBXProject "SurfSummerSchoolProject" */;
			compatibilityVersion = "Xcode 13.0";
			developmentRegion = en;
			hasScannedForEncodings = 0;
			knownRegions = (
				en,
				Base,
			);
			mainGroup = 08BEA93A289A5C4400919918;
			productRefGroup = 08BEA944289A5C4400919918 /* Products */;
			projectDirPath = "";
			projectRoot = "";
			targets = (
				08BEA942289A5C4400919918 /* SurfSummerSchoolProject */,
			);
		};
/* End PBXProject section */

/* Begin PBXResourcesBuildPhase section */
		08BEA941289A5C4400919918 /* Resources */ = {
			isa = PBXResourcesBuildPhase;
			buildActionMask = 2147483647;
			files = (
				08BEA953289A5C4600919918 /* LaunchScreen.storyboard in Resources */,
				085AD16E289D1BB400076424 /* DetailImageTableViewCell.xib in Resources */,
				08C3E2D6289C20F6001B1A25 /* MainItemCollectionViewCell.xib in Resources */,
				08494706289E64F20083E424 /* DetailTitleTableViewCell.xib in Resources */,
				08BEA95B289A5FA000919918 /* Assets.xcassets in Resources */,
				0816A304289F8E420062BFD5 /* FavoriteItemCollectionViewCell.xib in Resources */,
				085AD16A289D0EAA00076424 /* DetailViewController.xib in Resources */,
				0849470C289E66E40083E424 /* DetailTextTableViewCell.xib in Resources */,
				08BEA976289A950A00919918 /* MainViewController.xib in Resources */,
				08BEA971289A94C400919918 /* ProfileViewController.xib in Resources */,
				08BEA96D289A94B000919918 /* FavoriteViewController.xib in Resources */,
				085AD165289CD47200076424 /* SearchViewController.xib in Resources */,
			);
			runOnlyForDeploymentPostprocessing = 0;
		};
/* End PBXResourcesBuildPhase section */

/* Begin PBXSourcesBuildPhase section */
		08BEA93F289A5C4400919918 /* Sources */ = {
			isa = PBXSourcesBuildPhase;
			buildActionMask = 2147483647;
			files = (
				085AD16D289D1BB400076424 /* DetailImageTableViewCell.swift in Sources */,
				0823629728A3C36300ADE080 /* AuthRequestModel.swift in Sources */,
				08494705289E64F20083E424 /* DetailTitleTableViewCell.swift in Sources */,
				08BEA947289A5C4400919918 /* AppDelegate.swift in Sources */,
				08BEA967289A917700919918 /* TabBarConfigurator.swift in Sources */,
				0816A303289F8E420062BFD5 /* FavoriteItemCollectionViewCell.swift in Sources */,
				08BEA970289A94C400919918 /* ProfileViewController.swift in Sources */,
				082362A528A3C4BB00ADE080 /* TokenStorage.swift in Sources */,
				082362AE28A3C58300ADE080 /* MainModel.swift in Sources */,
				0823629328A3C32E00ADE080 /* AuthService.swift in Sources */,
				0849470B289E66E40083E424 /* DetailTextTableViewCell.swift in Sources */,
				0823629528A3C34400ADE080 /* AuthResponseModel.swift in Sources */,
				085AD164289CD47200076424 /* SearchViewController.swift in Sources */,
				0823629D28A3C43B00ADE080 /* PictureService.swift in Sources */,
				082362B128A3C5BE00ADE080 /* DetailItemModel.swift in Sources */,
				0823628A28A3C1AD00ADE080 /* NetworkTask.swift in Sources */,
				082362A728A3C4F700ADE080 /* TokenContainer.swift in Sources */,
				08BEA975289A950A00919918 /* MainViewController.swift in Sources */,
				0823628E28A3C1E900ADE080 /* BaseNetworkTask.swift in Sources */,
				082362A928A3C51100ADE080 /* BaseTokenStorage.swift in Sources */,
				089F48B628A51054005D8DFB /* LoadingErrorView.swift in Sources */,
				082362A028A3C46300ADE080 /* ImageLoader.swift in Sources */,
				0823629B28A3C42800ADE080 /* PictureResponseModel.swift in Sources */,
				08BEA96C289A94B000919918 /* FavoriteViewController.swift in Sources */,
				0823628C28A3C1CC00ADE080 /* NetworkMethod.swift in Sources */,
				085AD169289D0EAA00076424 /* DetailViewController.swift in Sources */,
				08C3E2D4289C1275001B1A25 /* MainItemCollectionViewCell.swift in Sources */,
				082362A228A3C48800ADE080 /* UIImageView+ImageLoader.swift in Sources */,
				0823629028A3C2FB00ADE080 /* EmptyModel.swift in Sources */,
				08BEA965289A916600919918 /* TabBarModule.swift in Sources */,
			);
			runOnlyForDeploymentPostprocessing = 0;
		};
/* End PBXSourcesBuildPhase section */

/* Begin PBXVariantGroup section */
		08BEA951289A5C4600919918 /* LaunchScreen.storyboard */ = {
			isa = PBXVariantGroup;
			children = (
				08BEA952289A5C4600919918 /* Base */,
			);
			name = LaunchScreen.storyboard;
			sourceTree = "<group>";
		};
/* End PBXVariantGroup section */

/* Begin XCBuildConfiguration section */
		08BEA955289A5C4600919918 /* Debug */ = {
			isa = XCBuildConfiguration;
			buildSettings = {
				ALWAYS_SEARCH_USER_PATHS = NO;
				CLANG_ANALYZER_NONNULL = YES;
				CLANG_ANALYZER_NUMBER_OBJECT_CONVERSION = YES_AGGRESSIVE;
				CLANG_CXX_LANGUAGE_STANDARD = "gnu++17";
				CLANG_ENABLE_MODULES = YES;
				CLANG_ENABLE_OBJC_ARC = YES;
				CLANG_ENABLE_OBJC_WEAK = YES;
				CLANG_WARN_BLOCK_CAPTURE_AUTORELEASING = YES;
				CLANG_WARN_BOOL_CONVERSION = YES;
				CLANG_WARN_COMMA = YES;
				CLANG_WARN_CONSTANT_CONVERSION = YES;
				CLANG_WARN_DEPRECATED_OBJC_IMPLEMENTATIONS = YES;
				CLANG_WARN_DIRECT_OBJC_ISA_USAGE = YES_ERROR;
				CLANG_WARN_DOCUMENTATION_COMMENTS = YES;
				CLANG_WARN_EMPTY_BODY = YES;
				CLANG_WARN_ENUM_CONVERSION = YES;
				CLANG_WARN_INFINITE_RECURSION = YES;
				CLANG_WARN_INT_CONVERSION = YES;
				CLANG_WARN_NON_LITERAL_NULL_CONVERSION = YES;
				CLANG_WARN_OBJC_IMPLICIT_RETAIN_SELF = YES;
				CLANG_WARN_OBJC_LITERAL_CONVERSION = YES;
				CLANG_WARN_OBJC_ROOT_CLASS = YES_ERROR;
				CLANG_WARN_QUOTED_INCLUDE_IN_FRAMEWORK_HEADER = YES;
				CLANG_WARN_RANGE_LOOP_ANALYSIS = YES;
				CLANG_WARN_STRICT_PROTOTYPES = YES;
				CLANG_WARN_SUSPICIOUS_MOVE = YES;
				CLANG_WARN_UNGUARDED_AVAILABILITY = YES_AGGRESSIVE;
				CLANG_WARN_UNREACHABLE_CODE = YES;
				CLANG_WARN__DUPLICATE_METHOD_MATCH = YES;
				COPY_PHASE_STRIP = NO;
				DEBUG_INFORMATION_FORMAT = dwarf;
				ENABLE_STRICT_OBJC_MSGSEND = YES;
				ENABLE_TESTABILITY = YES;
				GCC_C_LANGUAGE_STANDARD = gnu11;
				GCC_DYNAMIC_NO_PIC = NO;
				GCC_NO_COMMON_BLOCKS = YES;
				GCC_OPTIMIZATION_LEVEL = 0;
				GCC_PREPROCESSOR_DEFINITIONS = (
					"DEBUG=1",
					"$(inherited)",
				);
				GCC_WARN_64_TO_32_BIT_CONVERSION = YES;
				GCC_WARN_ABOUT_RETURN_TYPE = YES_ERROR;
				GCC_WARN_UNDECLARED_SELECTOR = YES;
				GCC_WARN_UNINITIALIZED_AUTOS = YES_AGGRESSIVE;
				GCC_WARN_UNUSED_FUNCTION = YES;
				GCC_WARN_UNUSED_VARIABLE = YES;
				IPHONEOS_DEPLOYMENT_TARGET = 15.5;
				MTL_ENABLE_DEBUG_INFO = INCLUDE_SOURCE;
				MTL_FAST_MATH = YES;
				ONLY_ACTIVE_ARCH = YES;
				SDKROOT = iphoneos;
				SWIFT_ACTIVE_COMPILATION_CONDITIONS = DEBUG;
				SWIFT_OPTIMIZATION_LEVEL = "-Onone";
			};
			name = Debug;
		};
		08BEA956289A5C4600919918 /* Release */ = {
			isa = XCBuildConfiguration;
			buildSettings = {
				ALWAYS_SEARCH_USER_PATHS = NO;
				CLANG_ANALYZER_NONNULL = YES;
				CLANG_ANALYZER_NUMBER_OBJECT_CONVERSION = YES_AGGRESSIVE;
				CLANG_CXX_LANGUAGE_STANDARD = "gnu++17";
				CLANG_ENABLE_MODULES = YES;
				CLANG_ENABLE_OBJC_ARC = YES;
				CLANG_ENABLE_OBJC_WEAK = YES;
				CLANG_WARN_BLOCK_CAPTURE_AUTORELEASING = YES;
				CLANG_WARN_BOOL_CONVERSION = YES;
				CLANG_WARN_COMMA = YES;
				CLANG_WARN_CONSTANT_CONVERSION = YES;
				CLANG_WARN_DEPRECATED_OBJC_IMPLEMENTATIONS = YES;
				CLANG_WARN_DIRECT_OBJC_ISA_USAGE = YES_ERROR;
				CLANG_WARN_DOCUMENTATION_COMMENTS = YES;
				CLANG_WARN_EMPTY_BODY = YES;
				CLANG_WARN_ENUM_CONVERSION = YES;
				CLANG_WARN_INFINITE_RECURSION = YES;
				CLANG_WARN_INT_CONVERSION = YES;
				CLANG_WARN_NON_LITERAL_NULL_CONVERSION = YES;
				CLANG_WARN_OBJC_IMPLICIT_RETAIN_SELF = YES;
				CLANG_WARN_OBJC_LITERAL_CONVERSION = YES;
				CLANG_WARN_OBJC_ROOT_CLASS = YES_ERROR;
				CLANG_WARN_QUOTED_INCLUDE_IN_FRAMEWORK_HEADER = YES;
				CLANG_WARN_RANGE_LOOP_ANALYSIS = YES;
				CLANG_WARN_STRICT_PROTOTYPES = YES;
				CLANG_WARN_SUSPICIOUS_MOVE = YES;
				CLANG_WARN_UNGUARDED_AVAILABILITY = YES_AGGRESSIVE;
				CLANG_WARN_UNREACHABLE_CODE = YES;
				CLANG_WARN__DUPLICATE_METHOD_MATCH = YES;
				COPY_PHASE_STRIP = NO;
				DEBUG_INFORMATION_FORMAT = "dwarf-with-dsym";
				ENABLE_NS_ASSERTIONS = NO;
				ENABLE_STRICT_OBJC_MSGSEND = YES;
				GCC_C_LANGUAGE_STANDARD = gnu11;
				GCC_NO_COMMON_BLOCKS = YES;
				GCC_WARN_64_TO_32_BIT_CONVERSION = YES;
				GCC_WARN_ABOUT_RETURN_TYPE = YES_ERROR;
				GCC_WARN_UNDECLARED_SELECTOR = YES;
				GCC_WARN_UNINITIALIZED_AUTOS = YES_AGGRESSIVE;
				GCC_WARN_UNUSED_FUNCTION = YES;
				GCC_WARN_UNUSED_VARIABLE = YES;
				IPHONEOS_DEPLOYMENT_TARGET = 15.5;
				MTL_ENABLE_DEBUG_INFO = NO;
				MTL_FAST_MATH = YES;
				SDKROOT = iphoneos;
				SWIFT_COMPILATION_MODE = wholemodule;
				SWIFT_OPTIMIZATION_LEVEL = "-O";
				VALIDATE_PRODUCT = YES;
			};
			name = Release;
		};
		08BEA958289A5C4600919918 /* Debug */ = {
			isa = XCBuildConfiguration;
			buildSettings = {
				ASSETCATALOG_COMPILER_APPICON_NAME = AppIcon;
				ASSETCATALOG_COMPILER_GLOBAL_ACCENT_COLOR_NAME = AccentColor;
				CODE_SIGN_STYLE = Automatic;
				CURRENT_PROJECT_VERSION = 1;
				DEVELOPMENT_TEAM = C5XCRHH65R;
				GENERATE_INFOPLIST_FILE = YES;
				INFOPLIST_FILE = SurfSummerSchoolProject/Application/Info.plist;
				INFOPLIST_KEY_UIApplicationSupportsIndirectInputEvents = YES;
				INFOPLIST_KEY_UILaunchStoryboardName = LaunchScreen;
				INFOPLIST_KEY_UISupportedInterfaceOrientations_iPad = "UIInterfaceOrientationPortrait UIInterfaceOrientationPortraitUpsideDown UIInterfaceOrientationLandscapeLeft UIInterfaceOrientationLandscapeRight";
				INFOPLIST_KEY_UISupportedInterfaceOrientations_iPhone = "UIInterfaceOrientationPortrait UIInterfaceOrientationLandscapeLeft UIInterfaceOrientationLandscapeRight";
				LD_RUNPATH_SEARCH_PATHS = (
					"$(inherited)",
					"@executable_path/Frameworks",
				);
				MARKETING_VERSION = 1.0;
				PRODUCT_BUNDLE_IDENTIFIER = com.anita.SurfSummerSchoolProject;
				PRODUCT_NAME = "$(TARGET_NAME)";
				SWIFT_EMIT_LOC_STRINGS = YES;
				SWIFT_VERSION = 5.0;
				TARGETED_DEVICE_FAMILY = "1,2";
			};
			name = Debug;
		};
		08BEA959289A5C4600919918 /* Release */ = {
			isa = XCBuildConfiguration;
			buildSettings = {
				ASSETCATALOG_COMPILER_APPICON_NAME = AppIcon;
				ASSETCATALOG_COMPILER_GLOBAL_ACCENT_COLOR_NAME = AccentColor;
				CODE_SIGN_STYLE = Automatic;
				CURRENT_PROJECT_VERSION = 1;
				DEVELOPMENT_TEAM = C5XCRHH65R;
				GENERATE_INFOPLIST_FILE = YES;
				INFOPLIST_FILE = SurfSummerSchoolProject/Application/Info.plist;
				INFOPLIST_KEY_UIApplicationSupportsIndirectInputEvents = YES;
				INFOPLIST_KEY_UILaunchStoryboardName = LaunchScreen;
				INFOPLIST_KEY_UISupportedInterfaceOrientations_iPad = "UIInterfaceOrientationPortrait UIInterfaceOrientationPortraitUpsideDown UIInterfaceOrientationLandscapeLeft UIInterfaceOrientationLandscapeRight";
				INFOPLIST_KEY_UISupportedInterfaceOrientations_iPhone = "UIInterfaceOrientationPortrait UIInterfaceOrientationLandscapeLeft UIInterfaceOrientationLandscapeRight";
				LD_RUNPATH_SEARCH_PATHS = (
					"$(inherited)",
					"@executable_path/Frameworks",
				);
				MARKETING_VERSION = 1.0;
				PRODUCT_BUNDLE_IDENTIFIER = com.anita.SurfSummerSchoolProject;
				PRODUCT_NAME = "$(TARGET_NAME)";
				SWIFT_EMIT_LOC_STRINGS = YES;
				SWIFT_VERSION = 5.0;
				TARGETED_DEVICE_FAMILY = "1,2";
			};
			name = Release;
		};
/* End XCBuildConfiguration section */

/* Begin XCConfigurationList section */
		08BEA93E289A5C4400919918 /* Build configuration list for PBXProject "SurfSummerSchoolProject" */ = {
			isa = XCConfigurationList;
			buildConfigurations = (
				08BEA955289A5C4600919918 /* Debug */,
				08BEA956289A5C4600919918 /* Release */,
			);
			defaultConfigurationIsVisible = 0;
			defaultConfigurationName = Release;
		};
		08BEA957289A5C4600919918 /* Build configuration list for PBXNativeTarget "SurfSummerSchoolProject" */ = {
			isa = XCConfigurationList;
			buildConfigurations = (
				08BEA958289A5C4600919918 /* Debug */,
				08BEA959289A5C4600919918 /* Release */,
			);
			defaultConfigurationIsVisible = 0;
			defaultConfigurationName = Release;
		};
/* End XCConfigurationList section */
	};
	rootObject = 08BEA93B289A5C4400919918 /* Project object */;
}
